Microsoft Visual Studio Solution File, Format Version 11.00
# Visual Studio 2008

Project("{16FEFFB9-F314-7975-932D-AA32509F85BA}") = "RTS1-master", "Assembly-CSharp.csproj", "{981FDFB1-BF5D-E5E2-8427-1E3030D3266B}"
EndProject
Global
	GlobalSection(SolutionConfigurationPlatforms) = preSolution
		Debug|Any CPU = Debug|Any CPU
		Release|Any CPU = Release|Any CPU
	EndGlobalSection
	GlobalSection(ProjectConfigurationPlatforms) = postSolution
		{981FDFB1-BF5D-E5E2-8427-1E3030D3266B}.Debug|Any CPU.ActiveCfg = Debug|Any CPU
		{981FDFB1-BF5D-E5E2-8427-1E3030D3266B}.Debug|Any CPU.Build.0 = Debug|Any CPU
		{981FDFB1-BF5D-E5E2-8427-1E3030D3266B}.Release|Any CPU.ActiveCfg = Release|Any CPU
		{981FDFB1-BF5D-E5E2-8427-1E3030D3266B}.Release|Any CPU.Build.0 = Release|Any CPU
	EndGlobalSection
	GlobalSection(SolutionProperties) = preSolution
		HideSolutionNode = FALSE
	EndGlobalSection
	GlobalSection(MonoDevelopProperties) = preSolution
		StartupItem = Assembly-CSharp.csproj
	EndGlobalSection
EndGlobal
